
Microsoft Visual Studio Solution File, Format Version 12.00
# Visual Studio 2012
Project("{FAE04EC0-301F-11D3-BF4B-00C04F79EFBC}") = "SignalRChat", "SignalRChat\SignalRChat.csproj", "{445DE08E-574F-4AF1-8B12-AC6B9845CBD8}"
EndProject
Project("{2150E333-8FDC-42A3-9474-1A3956D46DE8}") = ".nuget", ".nuget", "{33F53453-4D3D-4E58-9806-226637169B8A}"
	ProjectSection(SolutionItems) = preProject
		.nuget\packages.config = .nuget\packages.config
	EndProjectSection
EndProject
Global
	GlobalSection(SolutionConfigurationPlatforms) = preSolution
		Debug|Any CPU = Debug|Any CPU
		Release|Any CPU = Release|Any CPU
	EndGlobalSection
	GlobalSection(ProjectConfigurationPlatforms) = postSolution
		{445DE08E-574F-4AF1-8B12-AC6B9845CBD8}.Debug|Any CPU.ActiveCfg = Debug|Any CPU
		{445DE08E-574F-4AF1-8B12-AC6B9845CBD8}.Debug|Any CPU.Build.0 = Debug|Any CPU
		{445DE08E-574F-4AF1-8B12-AC6B9845CBD8}.Release|Any CPU.ActiveCfg = Release|Any CPU
		{445DE08E-574F-4AF1-8B12-AC6B9845CBD8}.Release|Any CPU.Build.0 = Release|Any CPU
	EndGlobalSection
	GlobalSection(SolutionProperties) = preSolution
		HideSolutionNode = FALSE
	EndGlobalSection
EndGlobal
